{
    "_readme": [
        "This file locks the dependencies of your project to a known state",
        "Read more about it at https://getcomposer.org/doc/01-basic-usage.md#composer-lock-the-lock-file",
        "This file is @generated automatically"
    ],
    "hash": "f9b9b770856afed5ed0d7f47b1d4547d",
    "content-hash": "8521723ed1d3a5fa1736d2e1b8dc9a9f",
    "packages": [
        {
            "name": "t7systems/t7lc-api",
            "version": "0.0.15",
            "source": {
                "type": "git",
                "url": "https://github.com/t7systems/T7Api.git",
                "reference": "ff6dad5cdbf8ba3f90143d127294e7dd73bc213f"
            },
            "require": {
                "php": ">=5.5.28"
            },
            "type": "library",
            "autoload": {
                "psr-4": {
                    "T7LC\\": "src/T7LC"
                }
            },
            "license": [
                "proprietary"
            ],
            "authors": [
                {
                    "name": "Jan",
                    "email": "jan@777live.com"
                }
            ],
            "description": "T7LC SOAP API Client",
            "time": "2017-12-12 13:35:12"
        }
    ],
    "packages-dev": [],
    "aliases": [],
    "minimum-stability": "stable",
    "stability-flags": [],
    "prefer-stable": false,
    "prefer-lowest": false,
    "platform": [],
    "platform-dev": []
}
