{
    "_readme": [
        "This file locks the dependencies of your project to a known state",
        "Read more about it at https://getcomposer.org/doc/01-basic-usage.md#composer-lock-the-lock-file",
        "This file is @generated automatically"
    ],
    "hash": "c3cefc1d3e6dabeaad9b0917ea4f895a",
    "content-hash": "c51488f381800e6d3b3bfe57cb5084a5",
    "packages": [
        {
            "name": "t7systems/t7lc-api",
            "version": "0.0.16",
            "source": {
                "type": "git",
                "url": "https://github.com/t7systems/T7Api.git",
                "reference": "afdabcc1dccc9ac0b4986513ce0ebb60f6c2e463"
            },
            "require": {
                "php": ">=5.5.28"
            },
            "type": "library",
            "autoload": {
                "psr-4": {
                    "T7LC\\": "src/T7LC"
                }
            },
            "license": [
                "proprietary"
            ],
            "authors": [
                {
                    "name": "Jan",
                    "email": "jan@777live.com"
                }
            ],
            "description": "T7LC SOAP API Client",
            "time": "2018-04-04 06:35:36"
        }
    ],
    "packages-dev": [],
    "aliases": [],
    "minimum-stability": "stable",
    "stability-flags": [],
    "prefer-stable": false,
    "prefer-lowest": false,
    "platform": [],
    "platform-dev": []
}
